
Microsoft Visual Studio Solution File, Format Version 12.00
# Visual Studio Version 17
VisualStudioVersion = 17.11.35222.181
MinimumVisualStudioVersion = 10.0.40219.1
Project("{FAE04EC0-301F-11D3-BF4B-00C04F79EFBC}") = "TextAnalyzer", "TextAnalyzer\TextAnalyzer.csproj", "{2AFD6988-A840-43A6-927F-D3E54B8EEBCE}"
EndProject
Global
	GlobalSection(SolutionConfigurationPlatforms) = preSolution
		Debug|Any CPU = Debug|Any CPU
		Release|Any CPU = Release|Any CPU
	EndGlobalSection
	GlobalSection(ProjectConfigurationPlatforms) = postSolution
		{2AFD6988-A840-43A6-927F-D3E54B8EEBCE}.Debug|Any CPU.ActiveCfg = Debug|Any CPU
		{2AFD6988-A840-43A6-927F-D3E54B8EEBCE}.Debug|Any CPU.Build.0 = Debug|Any CPU
		{2AFD6988-A840-43A6-927F-D3E54B8EEBCE}.Release|Any CPU.ActiveCfg = Release|Any CPU
		{2AFD6988-A840-43A6-927F-D3E54B8EEBCE}.Release|Any CPU.Build.0 = Release|Any CPU
	EndGlobalSection
	GlobalSection(SolutionProperties) = preSolution
		HideSolutionNode = FALSE
	EndGlobalSection
	GlobalSection(ExtensibilityGlobals) = postSolution
		SolutionGuid = {EA847948-3DE2-4AAB-B02A-26DA4EB31FF5}
	EndGlobalSection
EndGlobal
