
Microsoft Visual Studio Solution File, Format Version 12.00
# Visual Studio Version 17
VisualStudioVersion = 17.11.35312.102
MinimumVisualStudioVersion = 10.0.40219.1
Project("{FAE04EC0-301F-11D3-BF4B-00C04F79EFBC}") = "WpfApp1", "WpfApp1\WpfApp1.csproj", "{C3384594-05EC-46F8-A329-BCFE63A88601}"
EndProject
Global
	GlobalSection(SolutionConfigurationPlatforms) = preSolution
		Debug|Any CPU = Debug|Any CPU
		Release|Any CPU = Release|Any CPU
	EndGlobalSection
	GlobalSection(ProjectConfigurationPlatforms) = postSolution
		{C3384594-05EC-46F8-A329-BCFE63A88601}.Debug|Any CPU.ActiveCfg = Debug|Any CPU
		{C3384594-05EC-46F8-A329-BCFE63A88601}.Debug|Any CPU.Build.0 = Debug|Any CPU
		{C3384594-05EC-46F8-A329-BCFE63A88601}.Release|Any CPU.ActiveCfg = Release|Any CPU
		{C3384594-05EC-46F8-A329-BCFE63A88601}.Release|Any CPU.Build.0 = Release|Any CPU
	EndGlobalSection
	GlobalSection(SolutionProperties) = preSolution
		HideSolutionNode = FALSE
	EndGlobalSection
	GlobalSection(ExtensibilityGlobals) = postSolution
		SolutionGuid = {DF33534C-B38A-463C-BD4E-85274F21131D}
	EndGlobalSection
EndGlobal
